
Microsoft Visual Studio Solution File, Format Version 12.00
# Visual Studio 15
VisualStudioVersion = 15.0.26403.3
MinimumVisualStudioVersion = 10.0.40219.1
Project("{FAE04EC0-301F-11D3-BF4B-00C04F79EFBC}") = "01Numbers from 1 to 100", "01\01Numbers from 1 to 100.csproj", "{C0A400C9-293C-455E-B5E9-1530EA3349FD}"
EndProject
Project("{FAE04EC0-301F-11D3-BF4B-00C04F79EFBC}") = "02 Numbers Ending in 7", "02 Numbers Ending in 7\02 Numbers Ending in 7.csproj", "{9A52E6BC-6121-4EB2-AE3C-305510A07E89}"
EndProject
Project("{FAE04EC0-301F-11D3-BF4B-00C04F79EFBC}") = "03Latin Letters", "03Latin Letters\03Latin Letters.csproj", "{0375124C-E1EE-4533-B758-76119EE1D769}"
EndProject
Project("{FAE04EC0-301F-11D3-BF4B-00C04F79EFBC}") = "04Sum Numbers", "04Sum Numbers\04Sum Numbers.csproj", "{536B479A-F265-4C84-BA61-AFC21FB54D21}"
EndProject
Project("{FAE04EC0-301F-11D3-BF4B-00C04F79EFBC}") = "05Max Number", "05Max Number\05Max Number.csproj", "{A9553C54-0BC0-46DC-BB92-9EDE5E6E4B68}"
EndProject
Project("{FAE04EC0-301F-11D3-BF4B-00C04F79EFBC}") = "06Min Number", "06Min Number\06Min Number.csproj", "{3847CA84-1FCF-49ED-9E79-F48860281F6A}"
EndProject
Project("{FAE04EC0-301F-11D3-BF4B-00C04F79EFBC}") = "07 Left and Right Sum", "07 Left and Right Sum\07 Left and Right Sum.csproj", "{F8B7FA25-3FB3-44E7-9C05-A94A97AD885D}"
EndProject
Project("{FAE04EC0-301F-11D3-BF4B-00C04F79EFBC}") = "08Odd Even Sum1", "08Odd Even Sum1\08Odd Even Sum1.csproj", "{D2050644-4864-435A-9C86-A21078AAFF8B}"
EndProject
Project("{FAE04EC0-301F-11D3-BF4B-00C04F79EFBC}") = "09Vowels Sum", "09Vowels Sum\09Vowels Sum.csproj", "{4E969BA4-2875-4C15-9F3C-3BD397EA971F}"
EndProject
Project("{FAE04EC0-301F-11D3-BF4B-00C04F79EFBC}") = "12Equal Pairs", "12Equal Pairs\12Equal Pairs.csproj", "{25970783-5524-48CD-A6E7-7C671B810102}"
EndProject
Project("{FAE04EC0-301F-11D3-BF4B-00C04F79EFBC}") = "10Half Sum Element", "10Half Sum Element\10Half Sum Element.csproj", "{616C57EE-A0F3-4441-B63B-7BBEAA225C18}"
EndProject
Project("{FAE04EC0-301F-11D3-BF4B-00C04F79EFBC}") = "10", "10\10.csproj", "{290F84DC-613D-43EF-AB82-6D1F75B633B9}"
EndProject
Project("{FAE04EC0-301F-11D3-BF4B-00C04F79EFBC}") = "11 Odd  Even Position", "11 Odd  Even Position\11 Odd  Even Position.csproj", "{9B35A257-62E7-40CF-AC25-66CE40A1F701}"
EndProject
Global
	GlobalSection(SolutionConfigurationPlatforms) = preSolution
		Debug|Any CPU = Debug|Any CPU
		Release|Any CPU = Release|Any CPU
	EndGlobalSection
	GlobalSection(ProjectConfigurationPlatforms) = postSolution
		{C0A400C9-293C-455E-B5E9-1530EA3349FD}.Debug|Any CPU.ActiveCfg = Debug|Any CPU
		{C0A400C9-293C-455E-B5E9-1530EA3349FD}.Debug|Any CPU.Build.0 = Debug|Any CPU
		{C0A400C9-293C-455E-B5E9-1530EA3349FD}.Release|Any CPU.ActiveCfg = Release|Any CPU
		{C0A400C9-293C-455E-B5E9-1530EA3349FD}.Release|Any CPU.Build.0 = Release|Any CPU
		{9A52E6BC-6121-4EB2-AE3C-305510A07E89}.Debug|Any CPU.ActiveCfg = Debug|Any CPU
		{9A52E6BC-6121-4EB2-AE3C-305510A07E89}.Debug|Any CPU.Build.0 = Debug|Any CPU
		{9A52E6BC-6121-4EB2-AE3C-305510A07E89}.Release|Any CPU.ActiveCfg = Release|Any CPU
		{9A52E6BC-6121-4EB2-AE3C-305510A07E89}.Release|Any CPU.Build.0 = Release|Any CPU
		{0375124C-E1EE-4533-B758-76119EE1D769}.Debug|Any CPU.ActiveCfg = Debug|Any CPU
		{0375124C-E1EE-4533-B758-76119EE1D769}.Debug|Any CPU.Build.0 = Debug|Any CPU
		{0375124C-E1EE-4533-B758-76119EE1D769}.Release|Any CPU.ActiveCfg = Release|Any CPU
		{0375124C-E1EE-4533-B758-76119EE1D769}.Release|Any CPU.Build.0 = Release|Any CPU
		{536B479A-F265-4C84-BA61-AFC21FB54D21}.Debug|Any CPU.ActiveCfg = Debug|Any CPU
		{536B479A-F265-4C84-BA61-AFC21FB54D21}.Debug|Any CPU.Build.0 = Debug|Any CPU
		{536B479A-F265-4C84-BA61-AFC21FB54D21}.Release|Any CPU.ActiveCfg = Release|Any CPU
		{536B479A-F265-4C84-BA61-AFC21FB54D21}.Release|Any CPU.Build.0 = Release|Any CPU
		{A9553C54-0BC0-46DC-BB92-9EDE5E6E4B68}.Debug|Any CPU.ActiveCfg = Debug|Any CPU
		{A9553C54-0BC0-46DC-BB92-9EDE5E6E4B68}.Debug|Any CPU.Build.0 = Debug|Any CPU
		{A9553C54-0BC0-46DC-BB92-9EDE5E6E4B68}.Release|Any CPU.ActiveCfg = Release|Any CPU
		{A9553C54-0BC0-46DC-BB92-9EDE5E6E4B68}.Release|Any CPU.Build.0 = Release|Any CPU
		{3847CA84-1FCF-49ED-9E79-F48860281F6A}.Debug|Any CPU.ActiveCfg = Debug|Any CPU
		{3847CA84-1FCF-49ED-9E79-F48860281F6A}.Debug|Any CPU.Build.0 = Debug|Any CPU
		{3847CA84-1FCF-49ED-9E79-F48860281F6A}.Release|Any CPU.ActiveCfg = Release|Any CPU
		{3847CA84-1FCF-49ED-9E79-F48860281F6A}.Release|Any CPU.Build.0 = Release|Any CPU
		{F8B7FA25-3FB3-44E7-9C05-A94A97AD885D}.Debug|Any CPU.ActiveCfg = Debug|Any CPU
		{F8B7FA25-3FB3-44E7-9C05-A94A97AD885D}.Debug|Any CPU.Build.0 = Debug|Any CPU
		{F8B7FA25-3FB3-44E7-9C05-A94A97AD885D}.Release|Any CPU.ActiveCfg = Release|Any CPU
		{F8B7FA25-3FB3-44E7-9C05-A94A97AD885D}.Release|Any CPU.Build.0 = Release|Any CPU
		{D2050644-4864-435A-9C86-A21078AAFF8B}.Debug|Any CPU.ActiveCfg = Debug|Any CPU
		{D2050644-4864-435A-9C86-A21078AAFF8B}.Debug|Any CPU.Build.0 = Debug|Any CPU
		{D2050644-4864-435A-9C86-A21078AAFF8B}.Release|Any CPU.ActiveCfg = Release|Any CPU
		{D2050644-4864-435A-9C86-A21078AAFF8B}.Release|Any CPU.Build.0 = Release|Any CPU
		{4E969BA4-2875-4C15-9F3C-3BD397EA971F}.Debug|Any CPU.ActiveCfg = Debug|Any CPU
		{4E969BA4-2875-4C15-9F3C-3BD397EA971F}.Debug|Any CPU.Build.0 = Debug|Any CPU
		{4E969BA4-2875-4C15-9F3C-3BD397EA971F}.Release|Any CPU.ActiveCfg = Release|Any CPU
		{4E969BA4-2875-4C15-9F3C-3BD397EA971F}.Release|Any CPU.Build.0 = Release|Any CPU
		{25970783-5524-48CD-A6E7-7C671B810102}.Debug|Any CPU.ActiveCfg = Debug|Any CPU
		{25970783-5524-48CD-A6E7-7C671B810102}.Debug|Any CPU.Build.0 = Debug|Any CPU
		{25970783-5524-48CD-A6E7-7C671B810102}.Release|Any CPU.ActiveCfg = Release|Any CPU
		{25970783-5524-48CD-A6E7-7C671B810102}.Release|Any CPU.Build.0 = Release|Any CPU
		{616C57EE-A0F3-4441-B63B-7BBEAA225C18}.Debug|Any CPU.ActiveCfg = Debug|Any CPU
		{616C57EE-A0F3-4441-B63B-7BBEAA225C18}.Debug|Any CPU.Build.0 = Debug|Any CPU
		{616C57EE-A0F3-4441-B63B-7BBEAA225C18}.Release|Any CPU.ActiveCfg = Release|Any CPU
		{616C57EE-A0F3-4441-B63B-7BBEAA225C18}.Release|Any CPU.Build.0 = Release|Any CPU
		{290F84DC-613D-43EF-AB82-6D1F75B633B9}.Debug|Any CPU.ActiveCfg = Debug|Any CPU
		{290F84DC-613D-43EF-AB82-6D1F75B633B9}.Debug|Any CPU.Build.0 = Debug|Any CPU
		{290F84DC-613D-43EF-AB82-6D1F75B633B9}.Release|Any CPU.ActiveCfg = Release|Any CPU
		{290F84DC-613D-43EF-AB82-6D1F75B633B9}.Release|Any CPU.Build.0 = Release|Any CPU
		{9B35A257-62E7-40CF-AC25-66CE40A1F701}.Debug|Any CPU.ActiveCfg = Debug|Any CPU
		{9B35A257-62E7-40CF-AC25-66CE40A1F701}.Debug|Any CPU.Build.0 = Debug|Any CPU
		{9B35A257-62E7-40CF-AC25-66CE40A1F701}.Release|Any CPU.ActiveCfg = Release|Any CPU
		{9B35A257-62E7-40CF-AC25-66CE40A1F701}.Release|Any CPU.Build.0 = Release|Any CPU
	EndGlobalSection
	GlobalSection(SolutionProperties) = preSolution
		HideSolutionNode = FALSE
	EndGlobalSection
EndGlobal
